
Microsoft Visual Studio Solution File, Format Version 12.00
# Visual Studio Version 16
VisualStudioVersion = 16.0.31019.35
MinimumVisualStudioVersion = 10.0.40219.1
Project("{2150E333-8FDC-42A3-9474-1A3956D46DE8}") = "Platforms", "Platforms", "{DE50AE2F-C466-4B35-86BF-822998ED315F}"
EndProject
Project("{FAE04EC0-301F-11D3-BF4B-00C04F79EFBC}") = "Lit_Uno.UWP", "Lit_Uno\Lit_Uno.UWP\Lit_Uno.UWP.csproj", "{AC85B288-C556-48D2-A627-4F6AB58953A6}"
EndProject
Project("{9A19103F-16F7-4668-BE54-9A1E7A4F7556}") = "Lit_Uno.Wasm", "Lit_Uno\Lit_Uno.Wasm\Lit_Uno.Wasm.csproj", "{20033BE8-ED58-4034-BD6D-C2305486E84F}"
EndProject
Project("{D954291E-2A0B-460D-934E-DC6B0785DB48}") = "Lit_Uno.Shared", "Lit_Uno\Lit_Uno.Shared\Lit_Uno.Shared.shproj", "{6279C845-92F8-4333-AB99-3D213163593C}"
EndProject
Global
	GlobalSection(SharedMSBuildProjectFiles) = preSolution
		Lit_Uno\Lit_Uno.Shared\Lit_Uno.Shared.projitems*{20033be8-ed58-4034-bd6d-c2305486e84f}*SharedItemsImports = 5
		Lit_Uno\Lit_Uno.Shared\Lit_Uno.Shared.projitems*{6279c845-92f8-4333-ab99-3d213163593c}*SharedItemsImports = 13
		Lit_Uno\Lit_Uno.Shared\Lit_Uno.Shared.projitems*{ac85b288-c556-48d2-a627-4f6ab58953a6}*SharedItemsImports = 4
	EndGlobalSection
	GlobalSection(SolutionConfigurationPlatforms) = preSolution
		Ad-Hoc|Any CPU = Ad-Hoc|Any CPU
		Ad-Hoc|ARM = Ad-Hoc|ARM
		Ad-Hoc|ARM64 = Ad-Hoc|ARM64
		Ad-Hoc|iPhone = Ad-Hoc|iPhone
		Ad-Hoc|iPhoneSimulator = Ad-Hoc|iPhoneSimulator
		Ad-Hoc|x64 = Ad-Hoc|x64
		Ad-Hoc|x86 = Ad-Hoc|x86
		AppStore|Any CPU = AppStore|Any CPU
		AppStore|ARM = AppStore|ARM
		AppStore|ARM64 = AppStore|ARM64
		AppStore|iPhone = AppStore|iPhone
		AppStore|iPhoneSimulator = AppStore|iPhoneSimulator
		AppStore|x64 = AppStore|x64
		AppStore|x86 = AppStore|x86
		Debug|Any CPU = Debug|Any CPU
		Debug|ARM = Debug|ARM
		Debug|ARM64 = Debug|ARM64
		Debug|iPhone = Debug|iPhone
		Debug|iPhoneSimulator = Debug|iPhoneSimulator
		Debug|x64 = Debug|x64
		Debug|x86 = Debug|x86
		Release|Any CPU = Release|Any CPU
		Release|ARM = Release|ARM
		Release|ARM64 = Release|ARM64
		Release|iPhone = Release|iPhone
		Release|iPhoneSimulator = Release|iPhoneSimulator
		Release|x64 = Release|x64
		Release|x86 = Release|x86
	EndGlobalSection
	GlobalSection(ProjectConfigurationPlatforms) = postSolution
		{AC85B288-C556-48D2-A627-4F6AB58953A6}.Ad-Hoc|Any CPU.ActiveCfg = Debug|x86
		{AC85B288-C556-48D2-A627-4F6AB58953A6}.Ad-Hoc|ARM.ActiveCfg = Debug|ARM
		{AC85B288-C556-48D2-A627-4F6AB58953A6}.Ad-Hoc|ARM.Build.0 = Debug|ARM
		{AC85B288-C556-48D2-A627-4F6AB58953A6}.Ad-Hoc|ARM.Deploy.0 = Debug|ARM
		{AC85B288-C556-48D2-A627-4F6AB58953A6}.Ad-Hoc|ARM64.ActiveCfg = Debug|ARM64
		{AC85B288-C556-48D2-A627-4F6AB58953A6}.Ad-Hoc|ARM64.Build.0 = Debug|ARM64
		{AC85B288-C556-48D2-A627-4F6AB58953A6}.Ad-Hoc|ARM64.Deploy.0 = Debug|ARM64
		{AC85B288-C556-48D2-A627-4F6AB58953A6}.Ad-Hoc|iPhone.ActiveCfg = Debug|x86
		{AC85B288-C556-48D2-A627-4F6AB58953A6}.Ad-Hoc|iPhoneSimulator.ActiveCfg = Debug|x86
		{AC85B288-C556-48D2-A627-4F6AB58953A6}.Ad-Hoc|x64.ActiveCfg = Debug|x64
		{AC85B288-C556-48D2-A627-4F6AB58953A6}.Ad-Hoc|x64.Build.0 = Debug|x64
		{AC85B288-C556-48D2-A627-4F6AB58953A6}.Ad-Hoc|x64.Deploy.0 = Debug|x64
		{AC85B288-C556-48D2-A627-4F6AB58953A6}.Ad-Hoc|x86.ActiveCfg = Debug|x86
		{AC85B288-C556-48D2-A627-4F6AB58953A6}.Ad-Hoc|x86.Build.0 = Debug|x86
		{AC85B288-C556-48D2-A627-4F6AB58953A6}.Ad-Hoc|x86.Deploy.0 = Debug|x86
		{AC85B288-C556-48D2-A627-4F6AB58953A6}.AppStore|Any CPU.ActiveCfg = Debug|x86
		{AC85B288-C556-48D2-A627-4F6AB58953A6}.AppStore|ARM.ActiveCfg = Debug|ARM
		{AC85B288-C556-48D2-A627-4F6AB58953A6}.AppStore|ARM.Build.0 = Debug|ARM
		{AC85B288-C556-48D2-A627-4F6AB58953A6}.AppStore|ARM.Deploy.0 = Debug|ARM
		{AC85B288-C556-48D2-A627-4F6AB58953A6}.AppStore|ARM64.ActiveCfg = Debug|ARM64
		{AC85B288-C556-48D2-A627-4F6AB58953A6}.AppStore|ARM64.Build.0 = Debug|ARM64
		{AC85B288-C556-48D2-A627-4F6AB58953A6}.AppStore|ARM64.Deploy.0 = Debug|ARM64
		{AC85B288-C556-48D2-A627-4F6AB58953A6}.AppStore|iPhone.ActiveCfg = Debug|x86
		{AC85B288-C556-48D2-A627-4F6AB58953A6}.AppStore|iPhoneSimulator.ActiveCfg = Debug|x86
		{AC85B288-C556-48D2-A627-4F6AB58953A6}.AppStore|x64.ActiveCfg = Debug|x64
		{AC85B288-C556-48D2-A627-4F6AB58953A6}.AppStore|x64.Build.0 = Debug|x64
		{AC85B288-C556-48D2-A627-4F6AB58953A6}.AppStore|x64.Deploy.0 = Debug|x64
		{AC85B288-C556-48D2-A627-4F6AB58953A6}.AppStore|x86.ActiveCfg = Debug|x86
		{AC85B288-C556-48D2-A627-4F6AB58953A6}.AppStore|x86.Build.0 = Debug|x86
		{AC85B288-C556-48D2-A627-4F6AB58953A6}.AppStore|x86.Deploy.0 = Debug|x86
		{AC85B288-C556-48D2-A627-4F6AB58953A6}.Debug|Any CPU.ActiveCfg = Debug|x86
		{AC85B288-C556-48D2-A627-4F6AB58953A6}.Debug|Any CPU.Build.0 = Debug|x86
		{AC85B288-C556-48D2-A627-4F6AB58953A6}.Debug|Any CPU.Deploy.0 = Debug|x86
		{AC85B288-C556-48D2-A627-4F6AB58953A6}.Debug|ARM.ActiveCfg = Debug|ARM
		{AC85B288-C556-48D2-A627-4F6AB58953A6}.Debug|ARM.Build.0 = Debug|ARM
		{AC85B288-C556-48D2-A627-4F6AB58953A6}.Debug|ARM.Deploy.0 = Debug|ARM
		{AC85B288-C556-48D2-A627-4F6AB58953A6}.Debug|ARM64.ActiveCfg = Debug|ARM64
		{AC85B288-C556-48D2-A627-4F6AB58953A6}.Debug|ARM64.Build.0 = Debug|ARM64
		{AC85B288-C556-48D2-A627-4F6AB58953A6}.Debug|ARM64.Deploy.0 = Debug|ARM64
		{AC85B288-C556-48D2-A627-4F6AB58953A6}.Debug|iPhone.ActiveCfg = Debug|x86
		{AC85B288-C556-48D2-A627-4F6AB58953A6}.Debug|iPhoneSimulator.ActiveCfg = Debug|x86
		{AC85B288-C556-48D2-A627-4F6AB58953A6}.Debug|x64.ActiveCfg = Debug|x64
		{AC85B288-C556-48D2-A627-4F6AB58953A6}.Debug|x64.Build.0 = Debug|x64
		{AC85B288-C556-48D2-A627-4F6AB58953A6}.Debug|x64.Deploy.0 = Debug|x64
		{AC85B288-C556-48D2-A627-4F6AB58953A6}.Debug|x86.ActiveCfg = Debug|x86
		{AC85B288-C556-48D2-A627-4F6AB58953A6}.Debug|x86.Build.0 = Debug|x86
		{AC85B288-C556-48D2-A627-4F6AB58953A6}.Debug|x86.Deploy.0 = Debug|x86
		{AC85B288-C556-48D2-A627-4F6AB58953A6}.Release|Any CPU.ActiveCfg = Release|x86
		{AC85B288-C556-48D2-A627-4F6AB58953A6}.Release|ARM.ActiveCfg = Release|ARM
		{AC85B288-C556-48D2-A627-4F6AB58953A6}.Release|ARM.Build.0 = Release|ARM
		{AC85B288-C556-48D2-A627-4F6AB58953A6}.Release|ARM.Deploy.0 = Release|ARM
		{AC85B288-C556-48D2-A627-4F6AB58953A6}.Release|ARM64.ActiveCfg = Release|ARM64
		{AC85B288-C556-48D2-A627-4F6AB58953A6}.Release|ARM64.Build.0 = Release|ARM64
		{AC85B288-C556-48D2-A627-4F6AB58953A6}.Release|ARM64.Deploy.0 = Release|ARM64
		{AC85B288-C556-48D2-A627-4F6AB58953A6}.Release|iPhone.ActiveCfg = Release|x86
		{AC85B288-C556-48D2-A627-4F6AB58953A6}.Release|iPhoneSimulator.ActiveCfg = Release|x86
		{AC85B288-C556-48D2-A627-4F6AB58953A6}.Release|x64.ActiveCfg = Release|x64
		{AC85B288-C556-48D2-A627-4F6AB58953A6}.Release|x64.Build.0 = Release|x64
		{AC85B288-C556-48D2-A627-4F6AB58953A6}.Release|x64.Deploy.0 = Release|x64
		{AC85B288-C556-48D2-A627-4F6AB58953A6}.Release|x86.ActiveCfg = Release|x86
		{AC85B288-C556-48D2-A627-4F6AB58953A6}.Release|x86.Build.0 = Release|x86
		{AC85B288-C556-48D2-A627-4F6AB58953A6}.Release|x86.Deploy.0 = Release|x86
		{20033BE8-ED58-4034-BD6D-C2305486E84F}.Ad-Hoc|Any CPU.ActiveCfg = Debug|Any CPU
		{20033BE8-ED58-4034-BD6D-C2305486E84F}.Ad-Hoc|Any CPU.Build.0 = Debug|Any CPU
		{20033BE8-ED58-4034-BD6D-C2305486E84F}.Ad-Hoc|ARM.ActiveCfg = Debug|Any CPU
		{20033BE8-ED58-4034-BD6D-C2305486E84F}.Ad-Hoc|ARM.Build.0 = Debug|Any CPU
		{20033BE8-ED58-4034-BD6D-C2305486E84F}.Ad-Hoc|ARM64.ActiveCfg = Debug|Any CPU
		{20033BE8-ED58-4034-BD6D-C2305486E84F}.Ad-Hoc|ARM64.Build.0 = Debug|Any CPU
		{20033BE8-ED58-4034-BD6D-C2305486E84F}.Ad-Hoc|iPhone.ActiveCfg = Debug|Any CPU
		{20033BE8-ED58-4034-BD6D-C2305486E84F}.Ad-Hoc|iPhone.Build.0 = Debug|Any CPU
		{20033BE8-ED58-4034-BD6D-C2305486E84F}.Ad-Hoc|iPhoneSimulator.ActiveCfg = Debug|Any CPU
		{20033BE8-ED58-4034-BD6D-C2305486E84F}.Ad-Hoc|iPhoneSimulator.Build.0 = Debug|Any CPU
		{20033BE8-ED58-4034-BD6D-C2305486E84F}.Ad-Hoc|x64.ActiveCfg = Debug|Any CPU
		{20033BE8-ED58-4034-BD6D-C2305486E84F}.Ad-Hoc|x64.Build.0 = Debug|Any CPU
		{20033BE8-ED58-4034-BD6D-C2305486E84F}.Ad-Hoc|x86.ActiveCfg = Debug|Any CPU
		{20033BE8-ED58-4034-BD6D-C2305486E84F}.Ad-Hoc|x86.Build.0 = Debug|Any CPU
		{20033BE8-ED58-4034-BD6D-C2305486E84F}.AppStore|Any CPU.ActiveCfg = Debug|Any CPU
		{20033BE8-ED58-4034-BD6D-C2305486E84F}.AppStore|Any CPU.Build.0 = Debug|Any CPU
		{20033BE8-ED58-4034-BD6D-C2305486E84F}.AppStore|ARM.ActiveCfg = Debug|Any CPU
		{20033BE8-ED58-4034-BD6D-C2305486E84F}.AppStore|ARM.Build.0 = Debug|Any CPU
		{20033BE8-ED58-4034-BD6D-C2305486E84F}.AppStore|ARM64.ActiveCfg = Debug|Any CPU
		{20033BE8-ED58-4034-BD6D-C2305486E84F}.AppStore|ARM64.Build.0 = Debug|Any CPU
		{20033BE8-ED58-4034-BD6D-C2305486E84F}.AppStore|iPhone.ActiveCfg = Debug|Any CPU
		{20033BE8-ED58-4034-BD6D-C2305486E84F}.AppStore|iPhone.Build.0 = Debug|Any CPU
		{20033BE8-ED58-4034-BD6D-C2305486E84F}.AppStore|iPhoneSimulator.ActiveCfg = Debug|Any CPU
		{20033BE8-ED58-4034-BD6D-C2305486E84F}.AppStore|iPhoneSimulator.Build.0 = Debug|Any CPU
		{20033BE8-ED58-4034-BD6D-C2305486E84F}.AppStore|x64.ActiveCfg = Debug|Any CPU
		{20033BE8-ED58-4034-BD6D-C2305486E84F}.AppStore|x64.Build.0 = Debug|Any CPU
		{20033BE8-ED58-4034-BD6D-C2305486E84F}.AppStore|x86.ActiveCfg = Debug|Any CPU
		{20033BE8-ED58-4034-BD6D-C2305486E84F}.AppStore|x86.Build.0 = Debug|Any CPU
		{20033BE8-ED58-4034-BD6D-C2305486E84F}.Debug|Any CPU.ActiveCfg = Debug|Any CPU
		{20033BE8-ED58-4034-BD6D-C2305486E84F}.Debug|Any CPU.Build.0 = Debug|Any CPU
		{20033BE8-ED58-4034-BD6D-C2305486E84F}.Debug|ARM.ActiveCfg = Debug|Any CPU
		{20033BE8-ED58-4034-BD6D-C2305486E84F}.Debug|ARM.Build.0 = Debug|Any CPU
		{20033BE8-ED58-4034-BD6D-C2305486E84F}.Debug|ARM64.ActiveCfg = Debug|Any CPU
		{20033BE8-ED58-4034-BD6D-C2305486E84F}.Debug|ARM64.Build.0 = Debug|Any CPU
		{20033BE8-ED58-4034-BD6D-C2305486E84F}.Debug|iPhone.ActiveCfg = Debug|Any CPU
		{20033BE8-ED58-4034-BD6D-C2305486E84F}.Debug|iPhone.Build.0 = Debug|Any CPU
		{20033BE8-ED58-4034-BD6D-C2305486E84F}.Debug|iPhoneSimulator.ActiveCfg = Debug|Any CPU
		{20033BE8-ED58-4034-BD6D-C2305486E84F}.Debug|iPhoneSimulator.Build.0 = Debug|Any CPU
		{20033BE8-ED58-4034-BD6D-C2305486E84F}.Debug|x64.ActiveCfg = Debug|Any CPU
		{20033BE8-ED58-4034-BD6D-C2305486E84F}.Debug|x64.Build.0 = Debug|Any CPU
		{20033BE8-ED58-4034-BD6D-C2305486E84F}.Debug|x86.ActiveCfg = Debug|Any CPU
		{20033BE8-ED58-4034-BD6D-C2305486E84F}.Debug|x86.Build.0 = Debug|Any CPU
		{20033BE8-ED58-4034-BD6D-C2305486E84F}.Release|Any CPU.ActiveCfg = Release|Any CPU
		{20033BE8-ED58-4034-BD6D-C2305486E84F}.Release|Any CPU.Build.0 = Release|Any CPU
		{20033BE8-ED58-4034-BD6D-C2305486E84F}.Release|ARM.ActiveCfg = Release|Any CPU
		{20033BE8-ED58-4034-BD6D-C2305486E84F}.Release|ARM.Build.0 = Release|Any CPU
		{20033BE8-ED58-4034-BD6D-C2305486E84F}.Release|ARM64.ActiveCfg = Release|Any CPU
		{20033BE8-ED58-4034-BD6D-C2305486E84F}.Release|ARM64.Build.0 = Release|Any CPU
		{20033BE8-ED58-4034-BD6D-C2305486E84F}.Release|iPhone.ActiveCfg = Release|Any CPU
		{20033BE8-ED58-4034-BD6D-C2305486E84F}.Release|iPhone.Build.0 = Release|Any CPU
		{20033BE8-ED58-4034-BD6D-C2305486E84F}.Release|iPhoneSimulator.ActiveCfg = Release|Any CPU
		{20033BE8-ED58-4034-BD6D-C2305486E84F}.Release|iPhoneSimulator.Build.0 = Release|Any CPU
		{20033BE8-ED58-4034-BD6D-C2305486E84F}.Release|x64.ActiveCfg = Release|Any CPU
		{20033BE8-ED58-4034-BD6D-C2305486E84F}.Release|x64.Build.0 = Release|Any CPU
		{20033BE8-ED58-4034-BD6D-C2305486E84F}.Release|x86.ActiveCfg = Release|Any CPU
		{20033BE8-ED58-4034-BD6D-C2305486E84F}.Release|x86.Build.0 = Release|Any CPU
	EndGlobalSection
	GlobalSection(SolutionProperties) = preSolution
		HideSolutionNode = FALSE
	EndGlobalSection
	GlobalSection(NestedProjects) = preSolution
		{AC85B288-C556-48D2-A627-4F6AB58953A6} = {DE50AE2F-C466-4B35-86BF-822998ED315F}
		{20033BE8-ED58-4034-BD6D-C2305486E84F} = {DE50AE2F-C466-4B35-86BF-822998ED315F}
	EndGlobalSection
	GlobalSection(ExtensibilityGlobals) = postSolution
		SolutionGuid = {D1A1E366-3E9A-4384-A24B-6F67ACB541B5}
	EndGlobalSection
EndGlobal
